{
  "requires": true,
  "lockfileVersion": 1,
  "dependencies": {
    "create-eth-app": {
      "version": "1.6.2",
      "resolved": "https://registry.npmjs.org/create-eth-app/-/create-eth-app-1.6.2.tgz",
      "integrity": "sha512-sGRLWnw/YD2YEIYxKBgG6AZAs0PNrvbThWgI9bYqNw7gFJQDgoTTo2/qVN12uxPiBWD51l5p5sbKf5a/PW2ykA=="
    }
  }
}
